
Microsoft Visual Studio Solution File, Format Version 12.00
# Visual Studio Version 17
VisualStudioVersion = 17.4.33213.308
MinimumVisualStudioVersion = 10.0.40219.1
Project("{9A19103F-16F7-4668-BE54-9A1E7A4F7556}") = "CSharpToDo.Server", "Server\CSharpToDo.Server.csproj", "{26CF25E8-EEAE-4925-ADDC-3971C1C2B7B0}"
EndProject
Project("{9A19103F-16F7-4668-BE54-9A1E7A4F7556}") = "CSharpToDo.Client", "Client\CSharpToDo.Client.csproj", "{5692F81E-F2E5-4ABA-9217-FFD8DEAEDEB4}"
EndProject
Project("{9A19103F-16F7-4668-BE54-9A1E7A4F7556}") = "CSharpToDo.Shared", "Shared\CSharpToDo.Shared.csproj", "{710D89B0-A94B-4249-9FA9-E79B59935236}"
EndProject
Project("{9A19103F-16F7-4668-BE54-9A1E7A4F7556}") = "CSharpToDo.Data", "CSharpToDo.Data\CSharpToDo.Data.csproj", "{BD712CAB-3C46-4DE1-BFDF-FD333C090ED3}"
EndProject
Project("{9A19103F-16F7-4668-BE54-9A1E7A4F7556}") = "CSharpToDo.Repositories.Ef", "CSharpToDo.Repositories.Ef\CSharpToDo.Repositories.Ef.csproj", "{AFDC9161-E78B-4A14-9823-C3DBAA25D20F}"
EndProject
Project("{9A19103F-16F7-4668-BE54-9A1E7A4F7556}") = "CSharpToDo.Repositories.InMemory", "CSharpToDo.Repositories.InMemory\CSharpToDo.Repositories.InMemory.csproj", "{E6C081C8-B8A9-415C-A9D6-AAFEFF4D06E6}"
EndProject
Global
	GlobalSection(SolutionConfigurationPlatforms) = preSolution
		Debug|Any CPU = Debug|Any CPU
		Release|Any CPU = Release|Any CPU
	EndGlobalSection
	GlobalSection(ProjectConfigurationPlatforms) = postSolution
		{26CF25E8-EEAE-4925-ADDC-3971C1C2B7B0}.Debug|Any CPU.ActiveCfg = Debug|Any CPU
		{26CF25E8-EEAE-4925-ADDC-3971C1C2B7B0}.Debug|Any CPU.Build.0 = Debug|Any CPU
		{26CF25E8-EEAE-4925-ADDC-3971C1C2B7B0}.Release|Any CPU.ActiveCfg = Release|Any CPU
		{26CF25E8-EEAE-4925-ADDC-3971C1C2B7B0}.Release|Any CPU.Build.0 = Release|Any CPU
		{5692F81E-F2E5-4ABA-9217-FFD8DEAEDEB4}.Debug|Any CPU.ActiveCfg = Debug|Any CPU
		{5692F81E-F2E5-4ABA-9217-FFD8DEAEDEB4}.Debug|Any CPU.Build.0 = Debug|Any CPU
		{5692F81E-F2E5-4ABA-9217-FFD8DEAEDEB4}.Release|Any CPU.ActiveCfg = Release|Any CPU
		{5692F81E-F2E5-4ABA-9217-FFD8DEAEDEB4}.Release|Any CPU.Build.0 = Release|Any CPU
		{710D89B0-A94B-4249-9FA9-E79B59935236}.Debug|Any CPU.ActiveCfg = Debug|Any CPU
		{710D89B0-A94B-4249-9FA9-E79B59935236}.Debug|Any CPU.Build.0 = Debug|Any CPU
		{710D89B0-A94B-4249-9FA9-E79B59935236}.Release|Any CPU.ActiveCfg = Release|Any CPU
		{710D89B0-A94B-4249-9FA9-E79B59935236}.Release|Any CPU.Build.0 = Release|Any CPU
		{BD712CAB-3C46-4DE1-BFDF-FD333C090ED3}.Debug|Any CPU.ActiveCfg = Debug|Any CPU
		{BD712CAB-3C46-4DE1-BFDF-FD333C090ED3}.Debug|Any CPU.Build.0 = Debug|Any CPU
		{BD712CAB-3C46-4DE1-BFDF-FD333C090ED3}.Release|Any CPU.ActiveCfg = Release|Any CPU
		{BD712CAB-3C46-4DE1-BFDF-FD333C090ED3}.Release|Any CPU.Build.0 = Release|Any CPU
		{AFDC9161-E78B-4A14-9823-C3DBAA25D20F}.Debug|Any CPU.ActiveCfg = Debug|Any CPU
		{AFDC9161-E78B-4A14-9823-C3DBAA25D20F}.Debug|Any CPU.Build.0 = Debug|Any CPU
		{AFDC9161-E78B-4A14-9823-C3DBAA25D20F}.Release|Any CPU.ActiveCfg = Release|Any CPU
		{AFDC9161-E78B-4A14-9823-C3DBAA25D20F}.Release|Any CPU.Build.0 = Release|Any CPU
		{E6C081C8-B8A9-415C-A9D6-AAFEFF4D06E6}.Debug|Any CPU.ActiveCfg = Debug|Any CPU
		{E6C081C8-B8A9-415C-A9D6-AAFEFF4D06E6}.Debug|Any CPU.Build.0 = Debug|Any CPU
		{E6C081C8-B8A9-415C-A9D6-AAFEFF4D06E6}.Release|Any CPU.ActiveCfg = Release|Any CPU
		{E6C081C8-B8A9-415C-A9D6-AAFEFF4D06E6}.Release|Any CPU.Build.0 = Release|Any CPU
	EndGlobalSection
	GlobalSection(SolutionProperties) = preSolution
		HideSolutionNode = FALSE
	EndGlobalSection
	GlobalSection(ExtensibilityGlobals) = postSolution
		SolutionGuid = {3B3A0273-4946-4C80-B2A7-548238E895EC}
	EndGlobalSection
EndGlobal
